
Microsoft Visual Studio Solution File, Format Version 12.00
# Visual Studio Version 17
VisualStudioVersion = 17.9.34622.214
MinimumVisualStudioVersion = 10.0.40219.1
Project("{FAE04EC0-301F-11D3-BF4B-00C04F79EFBC}") = "DBSD_00013940_00014016_00013782", "DBSD_00013940_00014016_00013782.csproj", "{3D4E2AE1-49CB-4C1F-A821-81FB952FC37E}"
EndProject
Global
	GlobalSection(SolutionConfigurationPlatforms) = preSolution
		Debug|Any CPU = Debug|Any CPU
		Release|Any CPU = Release|Any CPU
	EndGlobalSection
	GlobalSection(ProjectConfigurationPlatforms) = postSolution
		{3D4E2AE1-49CB-4C1F-A821-81FB952FC37E}.Debug|Any CPU.ActiveCfg = Debug|Any CPU
		{3D4E2AE1-49CB-4C1F-A821-81FB952FC37E}.Debug|Any CPU.Build.0 = Debug|Any CPU
		{3D4E2AE1-49CB-4C1F-A821-81FB952FC37E}.Release|Any CPU.ActiveCfg = Release|Any CPU
		{3D4E2AE1-49CB-4C1F-A821-81FB952FC37E}.Release|Any CPU.Build.0 = Release|Any CPU
	EndGlobalSection
	GlobalSection(SolutionProperties) = preSolution
		HideSolutionNode = FALSE
	EndGlobalSection
	GlobalSection(ExtensibilityGlobals) = postSolution
		SolutionGuid = {ACE1DB70-A804-4B43-A54B-71954233C59B}
	EndGlobalSection
EndGlobal
